// !$*UTF8*$!
{
	archiveVersion = 1;
	classes = {
	};
	objectVersion = 50;
	objects = {

/* Begin PBXBuildFile section */
		C21207592743BBA200C0EAA8 /* AppDelegate.swift in Sources */ = {isa = PBXBuildFile; fileRef = C21207582743BBA200C0EAA8 /* AppDelegate.swift */; };
		C212075B2743BBA200C0EAA8 /* SceneDelegate.swift in Sources */ = {isa = PBXBuildFile; fileRef = C212075A2743BBA200C0EAA8 /* SceneDelegate.swift */; };
		C212075D2743BBA200C0EAA8 /* ViewController.swift in Sources */ = {isa = PBXBuildFile; fileRef = C212075C2743BBA200C0EAA8 /* ViewController.swift */; };
		C21207602743BBA200C0EAA8 /* Main.storyboard in Resources */ = {isa = PBXBuildFile; fileRef = C212075E2743BBA200C0EAA8 /* Main.storyboard */; };
		C21207632743BBA200C0EAA8 /* Glaucoma_detection.xcdatamodeld in Sources */ = {isa = PBXBuildFile; fileRef = C21207612743BBA200C0EAA8 /* Glaucoma_detection.xcdatamodeld */; };
		C21207652743BBA900C0EAA8 /* Assets.xcassets in Resources */ = {isa = PBXBuildFile; fileRef = C21207642743BBA900C0EAA8 /* Assets.xcassets */; };
		C21207682743BBA900C0EAA8 /* LaunchScreen.storyboard in Resources */ = {isa = PBXBuildFile; fileRef = C21207662743BBA900C0EAA8 /* LaunchScreen.storyboard */; };
/* End PBXBuildFile section */

/* Begin PBXFileReference section */
		C21207552743BBA200C0EAA8 /* Glaucoma detection.app */ = {isa = PBXFileReference; explicitFileType = wrapper.application; includeInIndex = 0; path = "Glaucoma detection.app"; sourceTree = BUILT_PRODUCTS_DIR; };
		C21207582743BBA200C0EAA8 /* AppDelegate.swift */ = {isa = PBXFileReference; lastKnownFileType = sourcecode.swift; path = AppDelegate.swift; sourceTree = "<group>"; };
		C212075A2743BBA200C0EAA8 /* SceneDelegate.swift */ = {isa = PBXFileReference; lastKnownFileType = sourcecode.swift; path = SceneDelegate.swift; sourceTree = "<group>"; };
		C212075C2743BBA200C0EAA8 /* ViewController.swift */ = {isa = PBXFileReference; lastKnownFileType = sourcecode.swift; path = ViewController.swift; sourceTree = "<group>"; };
		C212075F2743BBA200C0EAA8 /* Base */ = {isa = PBXFileReference; lastKnownFileType = file.storyboard; name = Base; path = Base.lproj/Main.storyboard; sourceTree = "<group>"; };
		C21207622743BBA200C0EAA8 /* Glaucoma_detection.xcdatamodel */ = {isa = PBXFileReference; lastKnownFileType = wrapper.xcdatamodel; path = Glaucoma_detection.xcdatamodel; sourceTree = "<group>"; };
		C21207642743BBA900C0EAA8 /* Assets.xcassets */ = {isa = PBXFileReference; lastKnownFileType = folder.assetcatalog; path = Assets.xcassets; sourceTree = "<group>"; };
		C21207672743BBA900C0EAA8 /* Base */ = {isa = PBXFileReference; lastKnownFileType = file.storyboard; name = Base; path = Base.lproj/LaunchScreen.storyboard; sourceTree = "<group>"; };
		C21207692743BBA900C0EAA8 /* Info.plist */ = {isa = PBXFileReference; lastKnownFileType = text.plist.xml; path = Info.plist; sourceTree = "<group>"; };
/* End PBXFileReference section */

/* Begin PBXFrameworksBuildPhase section */
		C21207522743BBA200C0EAA8 /* Frameworks */ = {
			isa = PBXFrameworksBuildPhase;
			buildActionMask = 2147483647;
			files = (
			);
			runOnlyForDeploymentPostprocessing = 0;
		};
/* End PBXFrameworksBuildPhase section */

/* Begin PBXGroup section */
		C212074C2743BBA200C0EAA8 = {
			isa = PBXGroup;
			children = (
				C21207572743BBA200C0EAA8 /* Glaucoma detection */,
				C21207562743BBA200C0EAA8 /* Products */,
			);
			sourceTree = "<group>";
		};
		C21207562743BBA200C0EAA8 /* Products */ = {
			isa = PBXGroup;
			children = (
				C21207552743BBA200C0EAA8 /* Glaucoma detection.app */,
			);
			name = Products;
			sourceTree = "<group>";
		};
		C21207572743BBA200C0EAA8 /* Glaucoma detection */ = {
			isa = PBXGroup;
			children = (
				C21207582743BBA200C0EAA8 /* AppDelegate.swift */,
				C212075A2743BBA200C0EAA8 /* SceneDelegate.swift */,
				C212075C2743BBA200C0EAA8 /* ViewController.swift */,
				C212075E2743BBA200C0EAA8 /* Main.storyboard */,
				C21207642743BBA900C0EAA8 /* Assets.xcassets */,
				C21207662743BBA900C0EAA8 /* LaunchScreen.storyboard */,
				C21207692743BBA900C0EAA8 /* Info.plist */,
				C21207612743BBA200C0EAA8 /* Glaucoma_detection.xcdatamodeld */,
			);
			path = "Glaucoma detection";
			sourceTree = "<group>";
		};
/* End PBXGroup section */

/* Begin PBXNativeTarget section */
		C21207542743BBA200C0EAA8 /* Glaucoma detection */ = {
			isa = PBXNativeTarget;
			buildConfigurationList = C212076C2743BBA900C0EAA8 /* Build configuration list for PBXNativeTarget "Glaucoma detection" */;
			buildPhases = (
				C21207512743BBA200C0EAA8 /* Sources */,
				C21207522743BBA200C0EAA8 /* Frameworks */,
				C21207532743BBA200C0EAA8 /* Resources */,
			);
			buildRules = (
			);
			dependencies = (
			);
			name = "Glaucoma detection";
			productName = "Glaucoma detection";
			productReference = C21207552743BBA200C0EAA8 /* Glaucoma detection.app */;
			productType = "com.apple.product-type.application";
		};
/* End PBXNativeTarget section */

/* Begin PBXProject section */
		C212074D2743BBA200C0EAA8 /* Project object */ = {
			isa = PBXProject;
			attributes = {
				LastSwiftUpdateCheck = 1220;
				LastUpgradeCheck = 1220;
				TargetAttributes = {
					C21207542743BBA200C0EAA8 = {
						CreatedOnToolsVersion = 12.2;
					};
				};
			};
			buildConfigurationList = C21207502743BBA200C0EAA8 /* Build configuration list for PBXProject "Glaucoma detection" */;
			compatibilityVersion = "Xcode 9.3";
			developmentRegion = en;
			hasScannedForEncodings = 0;
			knownRegions = (
				en,
				Base,
			);
			mainGroup = C212074C2743BBA200C0EAA8;
			productRefGroup = C21207562743BBA200C0EAA8 /* Products */;
			projectDirPath = "";
			projectRoot = "";
			targets = (
				C21207542743BBA200C0EAA8 /* Glaucoma detection */,
			);
		};
/* End PBXProject section */

/* Begin PBXResourcesBuildPhase section */
		C21207532743BBA200C0EAA8 /* Resources */ = {
			isa = PBXResourcesBuildPhase;
			buildActionMask = 2147483647;
			files = (
				C21207682743BBA900C0EAA8 /* LaunchScreen.storyboard in Resources */,
				C21207652743BBA900C0EAA8 /* Assets.xcassets in Resources */,
				C21207602743BBA200C0EAA8 /* Main.storyboard in Resources */,
			);
			runOnlyForDeploymentPostprocessing = 0;
		};
/* End PBXResourcesBuildPhase section */

/* Begin PBXSourcesBuildPhase section */
		C21207512743BBA200C0EAA8 /* Sources */ = {
			isa = PBXSourcesBuildPhase;
			buildActionMask = 2147483647;
			files = (
				C212075D2743BBA200C0EAA8 /* ViewController.swift in Sources */,
				C21207592743BBA200C0EAA8 /* AppDelegate.swift in Sources */,
				C21207632743BBA200C0EAA8 /* Glaucoma_detection.xcdatamodeld in Sources */,
				C212075B2743BBA200C0EAA8 /* SceneDelegate.swift in Sources */,
			);
			runOnlyForDeploymentPostprocessing = 0;
		};
/* End PBXSourcesBuildPhase section */

/* Begin PBXVariantGroup section */
		C212075E2743BBA200C0EAA8 /* Main.storyboard */ = {
			isa = PBXVariantGroup;
			children = (
				C212075F2743BBA200C0EAA8 /* Base */,
			);
			name = Main.storyboard;
			sourceTree = "<group>";
		};
		C21207662743BBA900C0EAA8 /* LaunchScreen.storyboard */ = {
			isa = PBXVariantGroup;
			children = (
				C21207672743BBA900C0EAA8 /* Base */,
			);
			name = LaunchScreen.storyboard;
			sourceTree = "<group>";
		};
/* End PBXVariantGroup section */

/* Begin XCBuildConfiguration section */
		C212076A2743BBA900C0EAA8 /* Debug */ = {
			isa = XCBuildConfiguration;
			buildSettings = {
				ALWAYS_SEARCH_USER_PATHS = NO;
				CLANG_ANALYZER_NONNULL = YES;
				CLANG_ANALYZER_NUMBER_OBJECT_CONVERSION = YES_AGGRESSIVE;
				CLANG_CXX_LANGUAGE_STANDARD = "gnu++14";
				CLANG_CXX_LIBRARY = "libc++";
				CLANG_ENABLE_MODULES = YES;
				CLANG_ENABLE_OBJC_ARC = YES;
				CLANG_ENABLE_OBJC_WEAK = YES;
				CLANG_WARN_BLOCK_CAPTURE_AUTORELEASING = YES;
				CLANG_WARN_BOOL_CONVERSION = YES;
				CLANG_WARN_COMMA = YES;
				CLANG_WARN_CONSTANT_CONVERSION = YES;
				CLANG_WARN_DEPRECATED_OBJC_IMPLEMENTATIONS = YES;
				CLANG_WARN_DIRECT_OBJC_ISA_USAGE = YES_ERROR;
				CLANG_WARN_DOCUMENTATION_COMMENTS = YES;
				CLANG_WARN_EMPTY_BODY = YES;
				CLANG_WARN_ENUM_CONVERSION = YES;
				CLANG_WARN_INFINITE_RECURSION = YES;
				CLANG_WARN_INT_CONVERSION = YES;
				CLANG_WARN_NON_LITERAL_NULL_CONVERSION = YES;
				CLANG_WARN_OBJC_IMPLICIT_RETAIN_SELF = YES;
				CLANG_WARN_OBJC_LITERAL_CONVERSION = YES;
				CLANG_WARN_OBJC_ROOT_CLASS = YES_ERROR;
				CLANG_WARN_QUOTED_INCLUDE_IN_FRAMEWORK_HEADER = YES;
				CLANG_WARN_RANGE_LOOP_ANALYSIS = YES;
				CLANG_WARN_STRICT_PROTOTYPES = YES;
				CLANG_WARN_SUSPICIOUS_MOVE = YES;
				CLANG_WARN_UNGUARDED_AVAILABILITY = YES_AGGRESSIVE;
				CLANG_WARN_UNREACHABLE_CODE = YES;
				CLANG_WARN__DUPLICATE_METHOD_MATCH = YES;
				COPY_PHASE_STRIP = NO;
				DEBUG_INFORMATION_FORMAT = dwarf;
				ENABLE_STRICT_OBJC_MSGSEND = YES;
				ENABLE_TESTABILITY = YES;
				GCC_C_LANGUAGE_STANDARD = gnu11;
				GCC_DYNAMIC_NO_PIC = NO;
				GCC_NO_COMMON_BLOCKS = YES;
				GCC_OPTIMIZATION_LEVEL = 0;
				GCC_PREPROCESSOR_DEFINITIONS = (
					"DEBUG=1",
					"$(inherited)",
				);
				GCC_WARN_64_TO_32_BIT_CONVERSION = YES;
				GCC_WARN_ABOUT_RETURN_TYPE = YES_ERROR;
				GCC_WARN_UNDECLARED_SELECTOR = YES;
				GCC_WARN_UNINITIALIZED_AUTOS = YES_AGGRESSIVE;
				GCC_WARN_UNUSED_FUNCTION = YES;
				GCC_WARN_UNUSED_VARIABLE = YES;
				IPHONEOS_DEPLOYMENT_TARGET = 14.2;
				MTL_ENABLE_DEBUG_INFO = INCLUDE_SOURCE;
				MTL_FAST_MATH = YES;
				ONLY_ACTIVE_ARCH = YES;
				SDKROOT = iphoneos;
				SWIFT_ACTIVE_COMPILATION_CONDITIONS = DEBUG;
				SWIFT_OPTIMIZATION_LEVEL = "-Onone";
			};
			name = Debug;
		};
		C212076B2743BBA900C0EAA8 /* Release */ = {
			isa = XCBuildConfiguration;
			buildSettings = {
				ALWAYS_SEARCH_USER_PATHS = NO;
				CLANG_ANALYZER_NONNULL = YES;
				CLANG_ANALYZER_NUMBER_OBJECT_CONVERSION = YES_AGGRESSIVE;
				CLANG_CXX_LANGUAGE_STANDARD = "gnu++14";
				CLANG_CXX_LIBRARY = "libc++";
				CLANG_ENABLE_MODULES = YES;
				CLANG_ENABLE_OBJC_ARC = YES;
				CLANG_ENABLE_OBJC_WEAK = YES;
				CLANG_WARN_BLOCK_CAPTURE_AUTORELEASING = YES;
				CLANG_WARN_BOOL_CONVERSION = YES;
				CLANG_WARN_COMMA = YES;
				CLANG_WARN_CONSTANT_CONVERSION = YES;
				CLANG_WARN_DEPRECATED_OBJC_IMPLEMENTATIONS = YES;
				CLANG_WARN_DIRECT_OBJC_ISA_USAGE = YES_ERROR;
				CLANG_WARN_DOCUMENTATION_COMMENTS = YES;
				CLANG_WARN_EMPTY_BODY = YES;
				CLANG_WARN_ENUM_CONVERSION = YES;
				CLANG_WARN_INFINITE_RECURSION = YES;
				CLANG_WARN_INT_CONVERSION = YES;
				CLANG_WARN_NON_LITERAL_NULL_CONVERSION = YES;
				CLANG_WARN_OBJC_IMPLICIT_RETAIN_SELF = YES;
				CLANG_WARN_OBJC_LITERAL_CONVERSION = YES;
				CLANG_WARN_OBJC_ROOT_CLASS = YES_ERROR;
				CLANG_WARN_QUOTED_INCLUDE_IN_FRAMEWORK_HEADER = YES;
				CLANG_WARN_RANGE_LOOP_ANALYSIS = YES;
				CLANG_WARN_STRICT_PROTOTYPES = YES;
				CLANG_WARN_SUSPICIOUS_MOVE = YES;
				CLANG_WARN_UNGUARDED_AVAILABILITY = YES_AGGRESSIVE;
				CLANG_WARN_UNREACHABLE_CODE = YES;
				CLANG_WARN__DUPLICATE_METHOD_MATCH = YES;
				COPY_PHASE_STRIP = NO;
				DEBUG_INFORMATION_FORMAT = "dwarf-with-dsym";
				ENABLE_NS_ASSERTIONS = NO;
				ENABLE_STRICT_OBJC_MSGSEND = YES;
				GCC_C_LANGUAGE_STANDARD = gnu11;
				GCC_NO_COMMON_BLOCKS = YES;
				GCC_WARN_64_TO_32_BIT_CONVERSION = YES;
				GCC_WARN_ABOUT_RETURN_TYPE = YES_ERROR;
				GCC_WARN_UNDECLARED_SELECTOR = YES;
				GCC_WARN_UNINITIALIZED_AUTOS = YES_AGGRESSIVE;
				GCC_WARN_UNUSED_FUNCTION = YES;
				GCC_WARN_UNUSED_VARIABLE = YES;
				IPHONEOS_DEPLOYMENT_TARGET = 14.2;
				MTL_ENABLE_DEBUG_INFO = NO;
				MTL_FAST_MATH = YES;
				SDKROOT = iphoneos;
				SWIFT_COMPILATION_MODE = wholemodule;
				SWIFT_OPTIMIZATION_LEVEL = "-O";
				VALIDATE_PRODUCT = YES;
			};
			name = Release;
		};
		C212076D2743BBA900C0EAA8 /* Debug */ = {
			isa = XCBuildConfiguration;
			buildSettings = {
				ASSETCATALOG_COMPILER_APPICON_NAME = AppIcon;
				ASSETCATALOG_COMPILER_GLOBAL_ACCENT_COLOR_NAME = AccentColor;
				CODE_SIGN_STYLE = Automatic;
				INFOPLIST_FILE = "Glaucoma detection/Info.plist";
				LD_RUNPATH_SEARCH_PATHS = (
					"$(inherited)",
					"@executable_path/Frameworks",
				);
				PRODUCT_BUNDLE_IDENTIFIER = "com.abdelnasser.Glaucoma-detection";
				PRODUCT_NAME = "$(TARGET_NAME)";
				SWIFT_VERSION = 5.0;
				TARGETED_DEVICE_FAMILY = "1,2";
			};
			name = Debug;
		};
		C212076E2743BBA900C0EAA8 /* Release */ = {
			isa = XCBuildConfiguration;
			buildSettings = {
				ASSETCATALOG_COMPILER_APPICON_NAME = AppIcon;
				ASSETCATALOG_COMPILER_GLOBAL_ACCENT_COLOR_NAME = AccentColor;
				CODE_SIGN_STYLE = Automatic;
				INFOPLIST_FILE = "Glaucoma detection/Info.plist";
				LD_RUNPATH_SEARCH_PATHS = (
					"$(inherited)",
					"@executable_path/Frameworks",
				);
				PRODUCT_BUNDLE_IDENTIFIER = "com.abdelnasser.Glaucoma-detection";
				PRODUCT_NAME = "$(TARGET_NAME)";
				SWIFT_VERSION = 5.0;
				TARGETED_DEVICE_FAMILY = "1,2";
			};
			name = Release;
		};
/* End XCBuildConfiguration section */

/* Begin XCConfigurationList section */
		C21207502743BBA200C0EAA8 /* Build configuration list for PBXProject "Glaucoma detection" */ = {
			isa = XCConfigurationList;
			buildConfigurations = (
				C212076A2743BBA900C0EAA8 /* Debug */,
				C212076B2743BBA900C0EAA8 /* Release */,
			);
			defaultConfigurationIsVisible = 0;
			defaultConfigurationName = Release;
		};
		C212076C2743BBA900C0EAA8 /* Build configuration list for PBXNativeTarget "Glaucoma detection" */ = {
			isa = XCConfigurationList;
			buildConfigurations = (
				C212076D2743BBA900C0EAA8 /* Debug */,
				C212076E2743BBA900C0EAA8 /* Release */,
			);
			defaultConfigurationIsVisible = 0;
			defaultConfigurationName = Release;
		};
/* End XCConfigurationList section */

/* Begin XCVersionGroup section */
		C21207612743BBA200C0EAA8 /* Glaucoma_detection.xcdatamodeld */ = {
			isa = XCVersionGroup;
			children = (
				C21207622743BBA200C0EAA8 /* Glaucoma_detection.xcdatamodel */,
			);
			currentVersion = C21207622743BBA200C0EAA8 /* Glaucoma_detection.xcdatamodel */;
			path = Glaucoma_detection.xcdatamodeld;
			sourceTree = "<group>";
			versionGroupType = wrapper.xcdatamodel;
		};
/* End XCVersionGroup section */
	};
	rootObject = C212074D2743BBA200C0EAA8 /* Project object */;
}
